
Microsoft Visual Studio Solution File, Format Version 12.00
# Visual Studio 15
Project("{FAE04EC0-301F-11D3-BF4B-00C04F79EFBC}") = "FMODUnity", "FMODUnity.csproj", "{F4904BB9-B3D7-6ED9-45F7-CA6C6B84138E}"
EndProject
Project("{FAE04EC0-301F-11D3-BF4B-00C04F79EFBC}") = "Assembly-CSharp", "Assembly-CSharp.csproj", "{6BA8FBAD-8304-28F3-69B2-DA89EE4B7093}"
EndProject
Project("{FAE04EC0-301F-11D3-BF4B-00C04F79EFBC}") = "FMODUnityResonance", "FMODUnityResonance.csproj", "{CE715780-54F3-AB1A-77FA-0E0BE566338B}"
EndProject
Project("{FAE04EC0-301F-11D3-BF4B-00C04F79EFBC}") = "FMODUnityEditor", "FMODUnityEditor.csproj", "{6CD59838-E23E-3D9C-0B02-20804CB56F0A}"
EndProject
Project("{FAE04EC0-301F-11D3-BF4B-00C04F79EFBC}") = "FMODUnityResonanceEditor", "FMODUnityResonanceEditor.csproj", "{EE34D862-2B73-4416-00D1-E09D0A05BE8A}"
EndProject
Global
	GlobalSection(SolutionConfigurationPlatforms) = preSolution
		Debug|Any CPU = Debug|Any CPU
		Release|Any CPU = Release|Any CPU
	EndGlobalSection
	GlobalSection(ProjectConfigurationPlatforms) = postSolution
		{F4904BB9-B3D7-6ED9-45F7-CA6C6B84138E}.Debug|Any CPU.ActiveCfg = Debug|Any CPU
		{F4904BB9-B3D7-6ED9-45F7-CA6C6B84138E}.Debug|Any CPU.Build.0 = Debug|Any CPU
		{F4904BB9-B3D7-6ED9-45F7-CA6C6B84138E}.Release|Any CPU.ActiveCfg = Release|Any CPU
		{F4904BB9-B3D7-6ED9-45F7-CA6C6B84138E}.Release|Any CPU.Build.0 = Release|Any CPU
		{6BA8FBAD-8304-28F3-69B2-DA89EE4B7093}.Debug|Any CPU.ActiveCfg = Debug|Any CPU
		{6BA8FBAD-8304-28F3-69B2-DA89EE4B7093}.Debug|Any CPU.Build.0 = Debug|Any CPU
		{6BA8FBAD-8304-28F3-69B2-DA89EE4B7093}.Release|Any CPU.ActiveCfg = Release|Any CPU
		{6BA8FBAD-8304-28F3-69B2-DA89EE4B7093}.Release|Any CPU.Build.0 = Release|Any CPU
		{CE715780-54F3-AB1A-77FA-0E0BE566338B}.Debug|Any CPU.ActiveCfg = Debug|Any CPU
		{CE715780-54F3-AB1A-77FA-0E0BE566338B}.Debug|Any CPU.Build.0 = Debug|Any CPU
		{CE715780-54F3-AB1A-77FA-0E0BE566338B}.Release|Any CPU.ActiveCfg = Release|Any CPU
		{CE715780-54F3-AB1A-77FA-0E0BE566338B}.Release|Any CPU.Build.0 = Release|Any CPU
		{6CD59838-E23E-3D9C-0B02-20804CB56F0A}.Debug|Any CPU.ActiveCfg = Debug|Any CPU
		{6CD59838-E23E-3D9C-0B02-20804CB56F0A}.Debug|Any CPU.Build.0 = Debug|Any CPU
		{6CD59838-E23E-3D9C-0B02-20804CB56F0A}.Release|Any CPU.ActiveCfg = Release|Any CPU
		{6CD59838-E23E-3D9C-0B02-20804CB56F0A}.Release|Any CPU.Build.0 = Release|Any CPU
		{EE34D862-2B73-4416-00D1-E09D0A05BE8A}.Debug|Any CPU.ActiveCfg = Debug|Any CPU
		{EE34D862-2B73-4416-00D1-E09D0A05BE8A}.Debug|Any CPU.Build.0 = Debug|Any CPU
		{EE34D862-2B73-4416-00D1-E09D0A05BE8A}.Release|Any CPU.ActiveCfg = Release|Any CPU
		{EE34D862-2B73-4416-00D1-E09D0A05BE8A}.Release|Any CPU.Build.0 = Release|Any CPU
	EndGlobalSection
	GlobalSection(SolutionProperties) = preSolution
		HideSolutionNode = FALSE
	EndGlobalSection
EndGlobal
